
Microsoft Visual Studio Solution File, Format Version 12.00
# Visual Studio Version 17
VisualStudioVersion = 17.10.35004.147
MinimumVisualStudioVersion = 10.0.40219.1
Project("{FAE04EC0-301F-11D3-BF4B-00C04F79EFBC}") = "integration api", "integration api\integration api.csproj", "{4DC366F8-42CC-468D-AA45-425692134DE0}"
EndProject
Global
	GlobalSection(SolutionConfigurationPlatforms) = preSolution
		Debug|Any CPU = Debug|Any CPU
		Release|Any CPU = Release|Any CPU
	EndGlobalSection
	GlobalSection(ProjectConfigurationPlatforms) = postSolution
		{4DC366F8-42CC-468D-AA45-425692134DE0}.Debug|Any CPU.ActiveCfg = Debug|Any CPU
		{4DC366F8-42CC-468D-AA45-425692134DE0}.Debug|Any CPU.Build.0 = Debug|Any CPU
		{4DC366F8-42CC-468D-AA45-425692134DE0}.Release|Any CPU.ActiveCfg = Release|Any CPU
		{4DC366F8-42CC-468D-AA45-425692134DE0}.Release|Any CPU.Build.0 = Release|Any CPU
	EndGlobalSection
	GlobalSection(SolutionProperties) = preSolution
		HideSolutionNode = FALSE
	EndGlobalSection
	GlobalSection(ExtensibilityGlobals) = postSolution
		SolutionGuid = {38B73EC0-A4EB-42CC-89A9-3912AB396561}
	EndGlobalSection
EndGlobal
